
Microsoft Visual Studio Solution File, Format Version 12.00
# Visual Studio Version 17
VisualStudioVersion = 17.3.32825.248
MinimumVisualStudioVersion = 10.0.40219.1
Project("{FAE04EC0-301F-11D3-BF4B-00C04F79EFBC}") = "BE", "BE\BE.csproj", "{BBBBD1EB-3DCB-4F63-A519-3DE2E30634F1}"
EndProject
Project("{FAE04EC0-301F-11D3-BF4B-00C04F79EFBC}") = "BLL", "BLL\BLL.csproj", "{E4E9E461-49F6-43D6-B1DE-C23AC9A52A21}"
EndProject
Project("{FAE04EC0-301F-11D3-BF4B-00C04F79EFBC}") = "MPP", "MPP\MPP.csproj", "{A55A891D-1BDF-459E-A311-9FB40400BA7A}"
EndProject
Project("{FAE04EC0-301F-11D3-BF4B-00C04F79EFBC}") = "DAL", "DAL\DAL.csproj", "{688191B4-0B1F-4F81-A6C4-F25B1BE7F2C2}"
EndProject
Project("{FAE04EC0-301F-11D3-BF4B-00C04F79EFBC}") = "Abstraccion", "Abstraccion\Abstraccion.csproj", "{5C482BD9-8982-4882-B670-BAF2ADDE4BA8}"
EndProject
Project("{FAE04EC0-301F-11D3-BF4B-00C04F79EFBC}") = "UI", "UI\UI.csproj", "{4BA20541-BAA8-4B1D-9DB9-3BAB86952A99}"
EndProject
Project("{FAE04EC0-301F-11D3-BF4B-00C04F79EFBC}") = "Servicios", "Servicios\Servicios.csproj", "{0F5BC99D-B1A0-45FB-8B42-23BC11C123B7}"
EndProject
Project("{2150E333-8FDC-42A3-9474-1A3956D46DE8}") = "Backup", "Backup", "{B3B44204-D575-41AC-9343-E8EED586B8CD}"
	ProjectSection(SolutionItems) = preProject
		\\Mac\Home\Documents\script.sql = \\Mac\Home\Documents\script.sql
	EndProjectSection
EndProject
Global
	GlobalSection(SolutionConfigurationPlatforms) = preSolution
		Debug|Any CPU = Debug|Any CPU
		Release|Any CPU = Release|Any CPU
	EndGlobalSection
	GlobalSection(ProjectConfigurationPlatforms) = postSolution
		{BBBBD1EB-3DCB-4F63-A519-3DE2E30634F1}.Debug|Any CPU.ActiveCfg = Debug|Any CPU
		{BBBBD1EB-3DCB-4F63-A519-3DE2E30634F1}.Debug|Any CPU.Build.0 = Debug|Any CPU
		{BBBBD1EB-3DCB-4F63-A519-3DE2E30634F1}.Release|Any CPU.ActiveCfg = Release|Any CPU
		{BBBBD1EB-3DCB-4F63-A519-3DE2E30634F1}.Release|Any CPU.Build.0 = Release|Any CPU
		{E4E9E461-49F6-43D6-B1DE-C23AC9A52A21}.Debug|Any CPU.ActiveCfg = Debug|Any CPU
		{E4E9E461-49F6-43D6-B1DE-C23AC9A52A21}.Debug|Any CPU.Build.0 = Debug|Any CPU
		{E4E9E461-49F6-43D6-B1DE-C23AC9A52A21}.Release|Any CPU.ActiveCfg = Release|Any CPU
		{E4E9E461-49F6-43D6-B1DE-C23AC9A52A21}.Release|Any CPU.Build.0 = Release|Any CPU
		{A55A891D-1BDF-459E-A311-9FB40400BA7A}.Debug|Any CPU.ActiveCfg = Debug|Any CPU
		{A55A891D-1BDF-459E-A311-9FB40400BA7A}.Debug|Any CPU.Build.0 = Debug|Any CPU
		{A55A891D-1BDF-459E-A311-9FB40400BA7A}.Release|Any CPU.ActiveCfg = Release|Any CPU
		{A55A891D-1BDF-459E-A311-9FB40400BA7A}.Release|Any CPU.Build.0 = Release|Any CPU
		{688191B4-0B1F-4F81-A6C4-F25B1BE7F2C2}.Debug|Any CPU.ActiveCfg = Debug|Any CPU
		{688191B4-0B1F-4F81-A6C4-F25B1BE7F2C2}.Debug|Any CPU.Build.0 = Debug|Any CPU
		{688191B4-0B1F-4F81-A6C4-F25B1BE7F2C2}.Release|Any CPU.ActiveCfg = Release|Any CPU
		{688191B4-0B1F-4F81-A6C4-F25B1BE7F2C2}.Release|Any CPU.Build.0 = Release|Any CPU
		{5C482BD9-8982-4882-B670-BAF2ADDE4BA8}.Debug|Any CPU.ActiveCfg = Debug|Any CPU
		{5C482BD9-8982-4882-B670-BAF2ADDE4BA8}.Debug|Any CPU.Build.0 = Debug|Any CPU
		{5C482BD9-8982-4882-B670-BAF2ADDE4BA8}.Release|Any CPU.ActiveCfg = Release|Any CPU
		{5C482BD9-8982-4882-B670-BAF2ADDE4BA8}.Release|Any CPU.Build.0 = Release|Any CPU
		{4BA20541-BAA8-4B1D-9DB9-3BAB86952A99}.Debug|Any CPU.ActiveCfg = Debug|Any CPU
		{4BA20541-BAA8-4B1D-9DB9-3BAB86952A99}.Debug|Any CPU.Build.0 = Debug|Any CPU
		{4BA20541-BAA8-4B1D-9DB9-3BAB86952A99}.Release|Any CPU.ActiveCfg = Release|Any CPU
		{4BA20541-BAA8-4B1D-9DB9-3BAB86952A99}.Release|Any CPU.Build.0 = Release|Any CPU
		{0F5BC99D-B1A0-45FB-8B42-23BC11C123B7}.Debug|Any CPU.ActiveCfg = Debug|Any CPU
		{0F5BC99D-B1A0-45FB-8B42-23BC11C123B7}.Debug|Any CPU.Build.0 = Debug|Any CPU
		{0F5BC99D-B1A0-45FB-8B42-23BC11C123B7}.Release|Any CPU.ActiveCfg = Release|Any CPU
		{0F5BC99D-B1A0-45FB-8B42-23BC11C123B7}.Release|Any CPU.Build.0 = Release|Any CPU
	EndGlobalSection
	GlobalSection(SolutionProperties) = preSolution
		HideSolutionNode = FALSE
	EndGlobalSection
	GlobalSection(ExtensibilityGlobals) = postSolution
		SolutionGuid = {DA5103D6-A9AA-4899-93C7-2CB76038E0B6}
	EndGlobalSection
EndGlobal
